github.com/thejaswa/dog v0.0.0-20230905115842-670abcbc89e7 h1:fk+O7M3QyhN9cZLqXf3uVB0CXJUfKHQbSCe4dvXuR0M=
github.com/thejaswa/dog v0.0.0-20230905115842-670abcbc89e7/go.mod h1:SuXE9k1VWLgo3ztEMqOj2OEwj3tJoK8yHP8MX04GrCw=
github.com/thejaswa/puppy v0.0.0-20230905043246-b8205990600f h1:CBM1cEcZs/30V98K45KU/k2xx7HxuSeNBQ1FZnPXt5c=
github.com/thejaswa/puppy v0.0.0-20230905043246-b8205990600f/go.mod h1:N7ZLJ4DAlmghY8ncJMfHisgiWTaH3fzrXqKayCKVh3I=
github.com/thejaswa/puppy v0.0.0-20230905071656-4eaed3b4ea00 h1:ujTbi5sXqFDNF0/lNpJvrj1rJ/e69bZInf+VHdMl5FI=
github.com/thejaswa/puppy v0.0.0-20230905071656-4eaed3b4ea00/go.mod h1:N7ZLJ4DAlmghY8ncJMfHisgiWTaH3fzrXqKayCKVh3I=
github.com/thejaswa/puppy v0.0.0-20230905120757-a53a04a0f0c8 h1:JSTcNu9+IiE4XhszgaerTucfrmA9Vq4dRd2/auHqdnk=
github.com/thejaswa/puppy v0.0.0-20230905120757-a53a04a0f0c8/go.mod h1:UBZYyvQowo/kMQ0bUvBP1loFLxake+HszFX8vqKwMuw=
